// !$*UTF8*$!
{
	archiveVersion = 1;
	classes = {
	};
	objectVersion = 56;
	objects = {

/* Begin PBXBuildFile section */
		22B9AA982C07FA59001F366F /* cryptocoinApp.swift in Sources */ = {isa = PBXBuildFile; fileRef = 22B9AA972C07FA59001F366F /* cryptocoinApp.swift */; };
		22B9AA9A2C07FA59001F366F /* ContentView.swift in Sources */ = {isa = PBXBuildFile; fileRef = 22B9AA992C07FA59001F366F /* ContentView.swift */; };
		22B9AA9C2C07FA5D001F366F /* Assets.xcassets in Resources */ = {isa = PBXBuildFile; fileRef = 22B9AA9B2C07FA5D001F366F /* Assets.xcassets */; };
		22B9AA9F2C07FA5D001F366F /* Preview Assets.xcassets in Resources */ = {isa = PBXBuildFile; fileRef = 22B9AA9E2C07FA5D001F366F /* Preview Assets.xcassets */; };
		22B9AAA92C07FA5E001F366F /* cryptocoinTests.swift in Sources */ = {isa = PBXBuildFile; fileRef = 22B9AAA82C07FA5E001F366F /* cryptocoinTests.swift */; };
		22B9AAB32C07FA5E001F366F /* cryptocoinUITests.swift in Sources */ = {isa = PBXBuildFile; fileRef = 22B9AAB22C07FA5E001F366F /* cryptocoinUITests.swift */; };
		22B9AAB52C07FA5E001F366F /* cryptocoinUITestsLaunchTests.swift in Sources */ = {isa = PBXBuildFile; fileRef = 22B9AAB42C07FA5E001F366F /* cryptocoinUITestsLaunchTests.swift */; };
		22B9AAC82C07FEB4001F366F /* CoinsViewModel.swift in Sources */ = {isa = PBXBuildFile; fileRef = 22B9AAC72C07FEB4001F366F /* CoinsViewModel.swift */; };
		22B9AACB2C0A854F001F366F /* CoinDataService.swift in Sources */ = {isa = PBXBuildFile; fileRef = 22B9AACA2C0A854F001F366F /* CoinDataService.swift */; };
/* End PBXBuildFile section */

/* Begin PBXContainerItemProxy section */
		22B9AAA52C07FA5E001F366F /* PBXContainerItemProxy */ = {
			isa = PBXContainerItemProxy;
			containerPortal = 22B9AA8C2C07FA59001F366F /* Project object */;
			proxyType = 1;
			remoteGlobalIDString = 22B9AA932C07FA59001F366F;
			remoteInfo = cryptocoin;
		};
		22B9AAAF2C07FA5E001F366F /* PBXContainerItemProxy */ = {
			isa = PBXContainerItemProxy;
			containerPortal = 22B9AA8C2C07FA59001F366F /* Project object */;
			proxyType = 1;
			remoteGlobalIDString = 22B9AA932C07FA59001F366F;
			remoteInfo = cryptocoin;
		};
/* End PBXContainerItemProxy section */

/* Begin PBXFileReference section */
		22B9AA942C07FA59001F366F /* cryptocoin.app */ = {isa = PBXFileReference; explicitFileType = wrapper.application; includeInIndex = 0; path = cryptocoin.app; sourceTree = BUILT_PRODUCTS_DIR; };
		22B9AA972C07FA59001F366F /* cryptocoinApp.swift */ = {isa = PBXFileReference; lastKnownFileType = sourcecode.swift; path = cryptocoinApp.swift; sourceTree = "<group>"; };
		22B9AA992C07FA59001F366F /* ContentView.swift */ = {isa = PBXFileReference; lastKnownFileType = sourcecode.swift; path = ContentView.swift; sourceTree = "<group>"; };
		22B9AA9B2C07FA5D001F366F /* Assets.xcassets */ = {isa = PBXFileReference; lastKnownFileType = folder.assetcatalog; path = Assets.xcassets; sourceTree = "<group>"; };
		22B9AA9E2C07FA5D001F366F /* Preview Assets.xcassets */ = {isa = PBXFileReference; lastKnownFileType = folder.assetcatalog; path = "Preview Assets.xcassets"; sourceTree = "<group>"; };
		22B9AAA42C07FA5E001F366F /* cryptocoinTests.xctest */ = {isa = PBXFileReference; explicitFileType = wrapper.cfbundle; includeInIndex = 0; path = cryptocoinTests.xctest; sourceTree = BUILT_PRODUCTS_DIR; };
		22B9AAA82C07FA5E001F366F /* cryptocoinTests.swift */ = {isa = PBXFileReference; lastKnownFileType = sourcecode.swift; path = cryptocoinTests.swift; sourceTree = "<group>"; };
		22B9AAAE2C07FA5E001F366F /* cryptocoinUITests.xctest */ = {isa = PBXFileReference; explicitFileType = wrapper.cfbundle; includeInIndex = 0; path = cryptocoinUITests.xctest; sourceTree = BUILT_PRODUCTS_DIR; };
		22B9AAB22C07FA5E001F366F /* cryptocoinUITests.swift */ = {isa = PBXFileReference; lastKnownFileType = sourcecode.swift; path = cryptocoinUITests.swift; sourceTree = "<group>"; };
		22B9AAB42C07FA5E001F366F /* cryptocoinUITestsLaunchTests.swift */ = {isa = PBXFileReference; lastKnownFileType = sourcecode.swift; path = cryptocoinUITestsLaunchTests.swift; sourceTree = "<group>"; };
		22B9AAC72C07FEB4001F366F /* CoinsViewModel.swift */ = {isa = PBXFileReference; lastKnownFileType = sourcecode.swift; path = CoinsViewModel.swift; sourceTree = "<group>"; };
		22B9AACA2C0A854F001F366F /* CoinDataService.swift */ = {isa = PBXFileReference; lastKnownFileType = sourcecode.swift; path = CoinDataService.swift; sourceTree = "<group>"; };
/* End PBXFileReference section */

/* Begin PBXFrameworksBuildPhase section */
		22B9AA912C07FA59001F366F /* Frameworks */ = {
			isa = PBXFrameworksBuildPhase;
			buildActionMask = 2147483647;
			files = (
			);
			runOnlyForDeploymentPostprocessing = 0;
		};
		22B9AAA12C07FA5E001F366F /* Frameworks */ = {
			isa = PBXFrameworksBuildPhase;
			buildActionMask = 2147483647;
			files = (
			);
			runOnlyForDeploymentPostprocessing = 0;
		};
		22B9AAAB2C07FA5E001F366F /* Frameworks */ = {
			isa = PBXFrameworksBuildPhase;
			buildActionMask = 2147483647;
			files = (
			);
			runOnlyForDeploymentPostprocessing = 0;
		};
/* End PBXFrameworksBuildPhase section */

/* Begin PBXGroup section */
		22B9AA8B2C07FA59001F366F = {
			isa = PBXGroup;
			children = (
				22B9AA962C07FA59001F366F /* cryptocoin */,
				22B9AAA72C07FA5E001F366F /* cryptocoinTests */,
				22B9AAB12C07FA5E001F366F /* cryptocoinUITests */,
				22B9AA952C07FA59001F366F /* Products */,
			);
			sourceTree = "<group>";
		};
		22B9AA952C07FA59001F366F /* Products */ = {
			isa = PBXGroup;
			children = (
				22B9AA942C07FA59001F366F /* cryptocoin.app */,
				22B9AAA42C07FA5E001F366F /* cryptocoinTests.xctest */,
				22B9AAAE2C07FA5E001F366F /* cryptocoinUITests.xctest */,
			);
			name = Products;
			sourceTree = "<group>";
		};
		22B9AA962C07FA59001F366F /* cryptocoin */ = {
			isa = PBXGroup;
			children = (
				22B9AAC22C07FA99001F366F /* App */,
				22B9AAC12C07FA86001F366F /* Core */,
				22B9AA9D2C07FA5D001F366F /* Preview Content */,
			);
			path = cryptocoin;
			sourceTree = "<group>";
		};
		22B9AA9D2C07FA5D001F366F /* Preview Content */ = {
			isa = PBXGroup;
			children = (
				22B9AA9E2C07FA5D001F366F /* Preview Assets.xcassets */,
			);
			path = "Preview Content";
			sourceTree = "<group>";
		};
		22B9AAA72C07FA5E001F366F /* cryptocoinTests */ = {
			isa = PBXGroup;
			children = (
				22B9AAA82C07FA5E001F366F /* cryptocoinTests.swift */,
			);
			path = cryptocoinTests;
			sourceTree = "<group>";
		};
		22B9AAB12C07FA5E001F366F /* cryptocoinUITests */ = {
			isa = PBXGroup;
			children = (
				22B9AAB22C07FA5E001F366F /* cryptocoinUITests.swift */,
				22B9AAB42C07FA5E001F366F /* cryptocoinUITestsLaunchTests.swift */,
			);
			path = cryptocoinUITests;
			sourceTree = "<group>";
		};
		22B9AAC12C07FA86001F366F /* Core */ = {
			isa = PBXGroup;
			children = (
				22B9AAC32C07FAC6001F366F /* AllCoins */,
			);
			path = Core;
			sourceTree = "<group>";
		};
		22B9AAC22C07FA99001F366F /* App */ = {
			isa = PBXGroup;
			children = (
				22B9AA972C07FA59001F366F /* cryptocoinApp.swift */,
				22B9AA9B2C07FA5D001F366F /* Assets.xcassets */,
			);
			path = App;
			sourceTree = "<group>";
		};
		22B9AAC32C07FAC6001F366F /* AllCoins */ = {
			isa = PBXGroup;
			children = (
				22B9AAC92C0A853E001F366F /* Service */,
				22B9AAC62C07FAD5001F366F /* Model */,
				22B9AAC52C07FAD3001F366F /* View */,
				22B9AAC42C07FAD0001F366F /* ViewModel */,
			);
			path = AllCoins;
			sourceTree = "<group>";
		};
		22B9AAC42C07FAD0001F366F /* ViewModel */ = {
			isa = PBXGroup;
			children = (
				22B9AAC72C07FEB4001F366F /* CoinsViewModel.swift */,
			);
			path = ViewModel;
			sourceTree = "<group>";
		};
		22B9AAC52C07FAD3001F366F /* View */ = {
			isa = PBXGroup;
			children = (
				22B9AA992C07FA59001F366F /* ContentView.swift */,
			);
			path = View;
			sourceTree = "<group>";
		};
		22B9AAC62C07FAD5001F366F /* Model */ = {
			isa = PBXGroup;
			children = (
			);
			path = Model;
			sourceTree = "<group>";
		};
		22B9AAC92C0A853E001F366F /* Service */ = {
			isa = PBXGroup;
			children = (
				22B9AACA2C0A854F001F366F /* CoinDataService.swift */,
			);
			path = Service;
			sourceTree = "<group>";
		};
/* End PBXGroup section */

/* Begin PBXNativeTarget section */
		22B9AA932C07FA59001F366F /* cryptocoin */ = {
			isa = PBXNativeTarget;
			buildConfigurationList = 22B9AAB82C07FA5E001F366F /* Build configuration list for PBXNativeTarget "cryptocoin" */;
			buildPhases = (
				22B9AA902C07FA59001F366F /* Sources */,
				22B9AA912C07FA59001F366F /* Frameworks */,
				22B9AA922C07FA59001F366F /* Resources */,
			);
			buildRules = (
			);
			dependencies = (
			);
			name = cryptocoin;
			productName = cryptocoin;
			productReference = 22B9AA942C07FA59001F366F /* cryptocoin.app */;
			productType = "com.apple.product-type.application";
		};
		22B9AAA32C07FA5E001F366F /* cryptocoinTests */ = {
			isa = PBXNativeTarget;
			buildConfigurationList = 22B9AABB2C07FA5E001F366F /* Build configuration list for PBXNativeTarget "cryptocoinTests" */;
			buildPhases = (
				22B9AAA02C07FA5E001F366F /* Sources */,
				22B9AAA12C07FA5E001F366F /* Frameworks */,
				22B9AAA22C07FA5E001F366F /* Resources */,
			);
			buildRules = (
			);
			dependencies = (
				22B9AAA62C07FA5E001F366F /* PBXTargetDependency */,
			);
			name = cryptocoinTests;
			productName = cryptocoinTests;
			productReference = 22B9AAA42C07FA5E001F366F /* cryptocoinTests.xctest */;
			productType = "com.apple.product-type.bundle.unit-test";
		};
		22B9AAAD2C07FA5E001F366F /* cryptocoinUITests */ = {
			isa = PBXNativeTarget;
			buildConfigurationList = 22B9AABE2C07FA5E001F366F /* Build configuration list for PBXNativeTarget "cryptocoinUITests" */;
			buildPhases = (
				22B9AAAA2C07FA5E001F366F /* Sources */,
				22B9AAAB2C07FA5E001F366F /* Frameworks */,
				22B9AAAC2C07FA5E001F366F /* Resources */,
			);
			buildRules = (
			);
			dependencies = (
				22B9AAB02C07FA5E001F366F /* PBXTargetDependency */,
			);
			name = cryptocoinUITests;
			productName = cryptocoinUITests;
			productReference = 22B9AAAE2C07FA5E001F366F /* cryptocoinUITests.xctest */;
			productType = "com.apple.product-type.bundle.ui-testing";
		};
/* End PBXNativeTarget section */

/* Begin PBXProject section */
		22B9AA8C2C07FA59001F366F /* Project object */ = {
			isa = PBXProject;
			attributes = {
				BuildIndependentTargetsInParallel = 1;
				LastSwiftUpdateCheck = 1540;
				LastUpgradeCheck = 1540;
				TargetAttributes = {
					22B9AA932C07FA59001F366F = {
						CreatedOnToolsVersion = 15.4;
					};
					22B9AAA32C07FA5E001F366F = {
						CreatedOnToolsVersion = 15.4;
						TestTargetID = 22B9AA932C07FA59001F366F;
					};
					22B9AAAD2C07FA5E001F366F = {
						CreatedOnToolsVersion = 15.4;
						TestTargetID = 22B9AA932C07FA59001F366F;
					};
				};
			};
			buildConfigurationList = 22B9AA8F2C07FA59001F366F /* Build configuration list for PBXProject "cryptocoin" */;
			compatibilityVersion = "Xcode 14.0";
			developmentRegion = en;
			hasScannedForEncodings = 0;
			knownRegions = (
				en,
				Base,
			);
			mainGroup = 22B9AA8B2C07FA59001F366F;
			productRefGroup = 22B9AA952C07FA59001F366F /* Products */;
			projectDirPath = "";
			projectRoot = "";
			targets = (
				22B9AA932C07FA59001F366F /* cryptocoin */,
				22B9AAA32C07FA5E001F366F /* cryptocoinTests */,
				22B9AAAD2C07FA5E001F366F /* cryptocoinUITests */,
			);
		};
/* End PBXProject section */

/* Begin PBXResourcesBuildPhase section */
		22B9AA922C07FA59001F366F /* Resources */ = {
			isa = PBXResourcesBuildPhase;
			buildActionMask = 2147483647;
			files = (
				22B9AA9F2C07FA5D001F366F /* Preview Assets.xcassets in Resources */,
				22B9AA9C2C07FA5D001F366F /* Assets.xcassets in Resources */,
			);
			runOnlyForDeploymentPostprocessing = 0;
		};
		22B9AAA22C07FA5E001F366F /* Resources */ = {
			isa = PBXResourcesBuildPhase;
			buildActionMask = 2147483647;
			files = (
			);
			runOnlyForDeploymentPostprocessing = 0;
		};
		22B9AAAC2C07FA5E001F366F /* Resources */ = {
			isa = PBXResourcesBuildPhase;
			buildActionMask = 2147483647;
			files = (
			);
			runOnlyForDeploymentPostprocessing = 0;
		};
/* End PBXResourcesBuildPhase section */

/* Begin PBXSourcesBuildPhase section */
		22B9AA902C07FA59001F366F /* Sources */ = {
			isa = PBXSourcesBuildPhase;
			buildActionMask = 2147483647;
			files = (
				22B9AACB2C0A854F001F366F /* CoinDataService.swift in Sources */,
				22B9AA9A2C07FA59001F366F /* ContentView.swift in Sources */,
				22B9AAC82C07FEB4001F366F /* CoinsViewModel.swift in Sources */,
				22B9AA982C07FA59001F366F /* cryptocoinApp.swift in Sources */,
			);
			runOnlyForDeploymentPostprocessing = 0;
		};
		22B9AAA02C07FA5E001F366F /* Sources */ = {
			isa = PBXSourcesBuildPhase;
			buildActionMask = 2147483647;
			files = (
				22B9AAA92C07FA5E001F366F /* cryptocoinTests.swift in Sources */,
			);
			runOnlyForDeploymentPostprocessing = 0;
		};
		22B9AAAA2C07FA5E001F366F /* Sources */ = {
			isa = PBXSourcesBuildPhase;
			buildActionMask = 2147483647;
			files = (
				22B9AAB52C07FA5E001F366F /* cryptocoinUITestsLaunchTests.swift in Sources */,
				22B9AAB32C07FA5E001F366F /* cryptocoinUITests.swift in Sources */,
			);
			runOnlyForDeploymentPostprocessing = 0;
		};
/* End PBXSourcesBuildPhase section */

/* Begin PBXTargetDependency section */
		22B9AAA62C07FA5E001F366F /* PBXTargetDependency */ = {
			isa = PBXTargetDependency;
			target = 22B9AA932C07FA59001F366F /* cryptocoin */;
			targetProxy = 22B9AAA52C07FA5E001F366F /* PBXContainerItemProxy */;
		};
		22B9AAB02C07FA5E001F366F /* PBXTargetDependency */ = {
			isa = PBXTargetDependency;
			target = 22B9AA932C07FA59001F366F /* cryptocoin */;
			targetProxy = 22B9AAAF2C07FA5E001F366F /* PBXContainerItemProxy */;
		};
/* End PBXTargetDependency section */

/* Begin XCBuildConfiguration section */
		22B9AAB62C07FA5E001F366F /* Debug */ = {
			isa = XCBuildConfiguration;
			buildSettings = {
				ALWAYS_SEARCH_USER_PATHS = NO;
				ASSETCATALOG_COMPILER_GENERATE_SWIFT_ASSET_SYMBOL_EXTENSIONS = YES;
				CLANG_ANALYZER_NONNULL = YES;
				CLANG_ANALYZER_NUMBER_OBJECT_CONVERSION = YES_AGGRESSIVE;
				CLANG_CXX_LANGUAGE_STANDARD = "gnu++20";
				CLANG_ENABLE_MODULES = YES;
				CLANG_ENABLE_OBJC_ARC = YES;
				CLANG_ENABLE_OBJC_WEAK = YES;
				CLANG_WARN_BLOCK_CAPTURE_AUTORELEASING = YES;
				CLANG_WARN_BOOL_CONVERSION = YES;
				CLANG_WARN_COMMA = YES;
				CLANG_WARN_CONSTANT_CONVERSION = YES;
				CLANG_WARN_DEPRECATED_OBJC_IMPLEMENTATIONS = YES;
				CLANG_WARN_DIRECT_OBJC_ISA_USAGE = YES_ERROR;
				CLANG_WARN_DOCUMENTATION_COMMENTS = YES;
				CLANG_WARN_EMPTY_BODY = YES;
				CLANG_WARN_ENUM_CONVERSION = YES;
				CLANG_WARN_INFINITE_RECURSION = YES;
				CLANG_WARN_INT_CONVERSION = YES;
				CLANG_WARN_NON_LITERAL_NULL_CONVERSION = YES;
				CLANG_WARN_OBJC_IMPLICIT_RETAIN_SELF = YES;
				CLANG_WARN_OBJC_LITERAL_CONVERSION = YES;
				CLANG_WARN_OBJC_ROOT_CLASS = YES_ERROR;
				CLANG_WARN_QUOTED_INCLUDE_IN_FRAMEWORK_HEADER = YES;
				CLANG_WARN_RANGE_LOOP_ANALYSIS = YES;
				CLANG_WARN_STRICT_PROTOTYPES = YES;
				CLANG_WARN_SUSPICIOUS_MOVE = YES;
				CLANG_WARN_UNGUARDED_AVAILABILITY = YES_AGGRESSIVE;
				CLANG_WARN_UNREACHABLE_CODE = YES;
				CLANG_WARN__DUPLICATE_METHOD_MATCH = YES;
				COPY_PHASE_STRIP = NO;
				DEBUG_INFORMATION_FORMAT = dwarf;
				ENABLE_STRICT_OBJC_MSGSEND = YES;
				ENABLE_TESTABILITY = YES;
				ENABLE_USER_SCRIPT_SANDBOXING = YES;
				GCC_C_LANGUAGE_STANDARD = gnu17;
				GCC_DYNAMIC_NO_PIC = NO;
				GCC_NO_COMMON_BLOCKS = YES;
				GCC_OPTIMIZATION_LEVEL = 0;
				GCC_PREPROCESSOR_DEFINITIONS = (
					"DEBUG=1",
					"$(inherited)",
				);
				GCC_WARN_64_TO_32_BIT_CONVERSION = YES;
				GCC_WARN_ABOUT_RETURN_TYPE = YES_ERROR;
				GCC_WARN_UNDECLARED_SELECTOR = YES;
				GCC_WARN_UNINITIALIZED_AUTOS = YES_AGGRESSIVE;
				GCC_WARN_UNUSED_FUNCTION = YES;
				GCC_WARN_UNUSED_VARIABLE = YES;
				IPHONEOS_DEPLOYMENT_TARGET = 17.5;
				LOCALIZATION_PREFERS_STRING_CATALOGS = YES;
				MTL_ENABLE_DEBUG_INFO = INCLUDE_SOURCE;
				MTL_FAST_MATH = YES;
				ONLY_ACTIVE_ARCH = YES;
				SDKROOT = iphoneos;
				SWIFT_ACTIVE_COMPILATION_CONDITIONS = "DEBUG $(inherited)";
				SWIFT_OPTIMIZATION_LEVEL = "-Onone";
			};
			name = Debug;
		};
		22B9AAB72C07FA5E001F366F /* Release */ = {
			isa = XCBuildConfiguration;
			buildSettings = {
				ALWAYS_SEARCH_USER_PATHS = NO;
				ASSETCATALOG_COMPILER_GENERATE_SWIFT_ASSET_SYMBOL_EXTENSIONS = YES;
				CLANG_ANALYZER_NONNULL = YES;
				CLANG_ANALYZER_NUMBER_OBJECT_CONVERSION = YES_AGGRESSIVE;
				CLANG_CXX_LANGUAGE_STANDARD = "gnu++20";
				CLANG_ENABLE_MODULES = YES;
				CLANG_ENABLE_OBJC_ARC = YES;
				CLANG_ENABLE_OBJC_WEAK = YES;
				CLANG_WARN_BLOCK_CAPTURE_AUTORELEASING = YES;
				CLANG_WARN_BOOL_CONVERSION = YES;
				CLANG_WARN_COMMA = YES;
				CLANG_WARN_CONSTANT_CONVERSION = YES;
				CLANG_WARN_DEPRECATED_OBJC_IMPLEMENTATIONS = YES;
				CLANG_WARN_DIRECT_OBJC_ISA_USAGE = YES_ERROR;
				CLANG_WARN_DOCUMENTATION_COMMENTS = YES;
				CLANG_WARN_EMPTY_BODY = YES;
				CLANG_WARN_ENUM_CONVERSION = YES;
				CLANG_WARN_INFINITE_RECURSION = YES;
				CLANG_WARN_INT_CONVERSION = YES;
				CLANG_WARN_NON_LITERAL_NULL_CONVERSION = YES;
				CLANG_WARN_OBJC_IMPLICIT_RETAIN_SELF = YES;
				CLANG_WARN_OBJC_LITERAL_CONVERSION = YES;
				CLANG_WARN_OBJC_ROOT_CLASS = YES_ERROR;
				CLANG_WARN_QUOTED_INCLUDE_IN_FRAMEWORK_HEADER = YES;
				CLANG_WARN_RANGE_LOOP_ANALYSIS = YES;
				CLANG_WARN_STRICT_PROTOTYPES = YES;
				CLANG_WARN_SUSPICIOUS_MOVE = YES;
				CLANG_WARN_UNGUARDED_AVAILABILITY = YES_AGGRESSIVE;
				CLANG_WARN_UNREACHABLE_CODE = YES;
				CLANG_WARN__DUPLICATE_METHOD_MATCH = YES;
				COPY_PHASE_STRIP = NO;
				DEBUG_INFORMATION_FORMAT = "dwarf-with-dsym";
				ENABLE_NS_ASSERTIONS = NO;
				ENABLE_STRICT_OBJC_MSGSEND = YES;
				ENABLE_USER_SCRIPT_SANDBOXING = YES;
				GCC_C_LANGUAGE_STANDARD = gnu17;
				GCC_NO_COMMON_BLOCKS = YES;
				GCC_WARN_64_TO_32_BIT_CONVERSION = YES;
				GCC_WARN_ABOUT_RETURN_TYPE = YES_ERROR;
				GCC_WARN_UNDECLARED_SELECTOR = YES;
				GCC_WARN_UNINITIALIZED_AUTOS = YES_AGGRESSIVE;
				GCC_WARN_UNUSED_FUNCTION = YES;
				GCC_WARN_UNUSED_VARIABLE = YES;
				IPHONEOS_DEPLOYMENT_TARGET = 17.5;
				LOCALIZATION_PREFERS_STRING_CATALOGS = YES;
				MTL_ENABLE_DEBUG_INFO = NO;
				MTL_FAST_MATH = YES;
				SDKROOT = iphoneos;
				SWIFT_COMPILATION_MODE = wholemodule;
				VALIDATE_PRODUCT = YES;
			};
			name = Release;
		};
		22B9AAB92C07FA5E001F366F /* Debug */ = {
			isa = XCBuildConfiguration;
			buildSettings = {
				ASSETCATALOG_COMPILER_APPICON_NAME = AppIcon;
				ASSETCATALOG_COMPILER_GLOBAL_ACCENT_COLOR_NAME = AccentColor;
				CODE_SIGN_STYLE = Automatic;
				CURRENT_PROJECT_VERSION = 1;
				DEVELOPMENT_ASSET_PATHS = "\"cryptocoin/Preview Content\"";
				DEVELOPMENT_TEAM = 8T66PM3UR2;
				ENABLE_PREVIEWS = YES;
				GENERATE_INFOPLIST_FILE = YES;
				INFOPLIST_KEY_UIApplicationSceneManifest_Generation = YES;
				INFOPLIST_KEY_UIApplicationSupportsIndirectInputEvents = YES;
				INFOPLIST_KEY_UILaunchScreen_Generation = YES;
				INFOPLIST_KEY_UISupportedInterfaceOrientations_iPad = "UIInterfaceOrientationPortrait UIInterfaceOrientationPortraitUpsideDown UIInterfaceOrientationLandscapeLeft UIInterfaceOrientationLandscapeRight";
				INFOPLIST_KEY_UISupportedInterfaceOrientations_iPhone = "UIInterfaceOrientationPortrait UIInterfaceOrientationLandscapeLeft UIInterfaceOrientationLandscapeRight";
				LD_RUNPATH_SEARCH_PATHS = (
					"$(inherited)",
					"@executable_path/Frameworks",
				);
				MARKETING_VERSION = 1.0;
				PRODUCT_BUNDLE_IDENTIFIER = com.jimsweeney.cryptocoin;
				PRODUCT_NAME = "$(TARGET_NAME)";
				SWIFT_EMIT_LOC_STRINGS = YES;
				SWIFT_VERSION = 5.0;
				TARGETED_DEVICE_FAMILY = "1,2";
			};
			name = Debug;
		};
		22B9AABA2C07FA5E001F366F /* Release */ = {
			isa = XCBuildConfiguration;
			buildSettings = {
				ASSETCATALOG_COMPILER_APPICON_NAME = AppIcon;
				ASSETCATALOG_COMPILER_GLOBAL_ACCENT_COLOR_NAME = AccentColor;
				CODE_SIGN_STYLE = Automatic;
				CURRENT_PROJECT_VERSION = 1;
				DEVELOPMENT_ASSET_PATHS = "\"cryptocoin/Preview Content\"";
				DEVELOPMENT_TEAM = 8T66PM3UR2;
				ENABLE_PREVIEWS = YES;
				GENERATE_INFOPLIST_FILE = YES;
				INFOPLIST_KEY_UIApplicationSceneManifest_Generation = YES;
				INFOPLIST_KEY_UIApplicationSupportsIndirectInputEvents = YES;
				INFOPLIST_KEY_UILaunchScreen_Generation = YES;
				INFOPLIST_KEY_UISupportedInterfaceOrientations_iPad = "UIInterfaceOrientationPortrait UIInterfaceOrientationPortraitUpsideDown UIInterfaceOrientationLandscapeLeft UIInterfaceOrientationLandscapeRight";
				INFOPLIST_KEY_UISupportedInterfaceOrientations_iPhone = "UIInterfaceOrientationPortrait UIInterfaceOrientationLandscapeLeft UIInterfaceOrientationLandscapeRight";
				LD_RUNPATH_SEARCH_PATHS = (
					"$(inherited)",
					"@executable_path/Frameworks",
				);
				MARKETING_VERSION = 1.0;
				PRODUCT_BUNDLE_IDENTIFIER = com.jimsweeney.cryptocoin;
				PRODUCT_NAME = "$(TARGET_NAME)";
				SWIFT_EMIT_LOC_STRINGS = YES;
				SWIFT_VERSION = 5.0;
				TARGETED_DEVICE_FAMILY = "1,2";
			};
			name = Release;
		};
		22B9AABC2C07FA5E001F366F /* Debug */ = {
			isa = XCBuildConfiguration;
			buildSettings = {
				ALWAYS_EMBED_SWIFT_STANDARD_LIBRARIES = YES;
				BUNDLE_LOADER = "$(TEST_HOST)";
				CODE_SIGN_STYLE = Automatic;
				CURRENT_PROJECT_VERSION = 1;
				DEVELOPMENT_TEAM = 8T66PM3UR2;
				GENERATE_INFOPLIST_FILE = YES;
				IPHONEOS_DEPLOYMENT_TARGET = 17.5;
				MARKETING_VERSION = 1.0;
				PRODUCT_BUNDLE_IDENTIFIER = com.jimsweeney.cryptocoinTests;
				PRODUCT_NAME = "$(TARGET_NAME)";
				SWIFT_EMIT_LOC_STRINGS = NO;
				SWIFT_VERSION = 5.0;
				TARGETED_DEVICE_FAMILY = "1,2";
				TEST_HOST = "$(BUILT_PRODUCTS_DIR)/cryptocoin.app/$(BUNDLE_EXECUTABLE_FOLDER_PATH)/cryptocoin";
			};
			name = Debug;
		};
		22B9AABD2C07FA5E001F366F /* Release */ = {
			isa = XCBuildConfiguration;
			buildSettings = {
				ALWAYS_EMBED_SWIFT_STANDARD_LIBRARIES = YES;
				BUNDLE_LOADER = "$(TEST_HOST)";
				CODE_SIGN_STYLE = Automatic;
				CURRENT_PROJECT_VERSION = 1;
				DEVELOPMENT_TEAM = 8T66PM3UR2;
				GENERATE_INFOPLIST_FILE = YES;
				IPHONEOS_DEPLOYMENT_TARGET = 17.5;
				MARKETING_VERSION = 1.0;
				PRODUCT_BUNDLE_IDENTIFIER = com.jimsweeney.cryptocoinTests;
				PRODUCT_NAME = "$(TARGET_NAME)";
				SWIFT_EMIT_LOC_STRINGS = NO;
				SWIFT_VERSION = 5.0;
				TARGETED_DEVICE_FAMILY = "1,2";
				TEST_HOST = "$(BUILT_PRODUCTS_DIR)/cryptocoin.app/$(BUNDLE_EXECUTABLE_FOLDER_PATH)/cryptocoin";
			};
			name = Release;
		};
		22B9AABF2C07FA5E001F366F /* Debug */ = {
			isa = XCBuildConfiguration;
			buildSettings = {
				ALWAYS_EMBED_SWIFT_STANDARD_LIBRARIES = YES;
				CODE_SIGN_STYLE = Automatic;
				CURRENT_PROJECT_VERSION = 1;
				DEVELOPMENT_TEAM = 8T66PM3UR2;
				GENERATE_INFOPLIST_FILE = YES;
				MARKETING_VERSION = 1.0;
				PRODUCT_BUNDLE_IDENTIFIER = com.jimsweeney.cryptocoinUITests;
				PRODUCT_NAME = "$(TARGET_NAME)";
				SWIFT_EMIT_LOC_STRINGS = NO;
				SWIFT_VERSION = 5.0;
				TARGETED_DEVICE_FAMILY = "1,2";
				TEST_TARGET_NAME = cryptocoin;
			};
			name = Debug;
		};
		22B9AAC02C07FA5E001F366F /* Release */ = {
			isa = XCBuildConfiguration;
			buildSettings = {
				ALWAYS_EMBED_SWIFT_STANDARD_LIBRARIES = YES;
				CODE_SIGN_STYLE = Automatic;
				CURRENT_PROJECT_VERSION = 1;
				DEVELOPMENT_TEAM = 8T66PM3UR2;
				GENERATE_INFOPLIST_FILE = YES;
				MARKETING_VERSION = 1.0;
				PRODUCT_BUNDLE_IDENTIFIER = com.jimsweeney.cryptocoinUITests;
				PRODUCT_NAME = "$(TARGET_NAME)";
				SWIFT_EMIT_LOC_STRINGS = NO;
				SWIFT_VERSION = 5.0;
				TARGETED_DEVICE_FAMILY = "1,2";
				TEST_TARGET_NAME = cryptocoin;
			};
			name = Release;
		};
/* End XCBuildConfiguration section */

/* Begin XCConfigurationList section */
		22B9AA8F2C07FA59001F366F /* Build configuration list for PBXProject "cryptocoin" */ = {
			isa = XCConfigurationList;
			buildConfigurations = (
				22B9AAB62C07FA5E001F366F /* Debug */,
				22B9AAB72C07FA5E001F366F /* Release */,
			);
			defaultConfigurationIsVisible = 0;
			defaultConfigurationName = Release;
		};
		22B9AAB82C07FA5E001F366F /* Build configuration list for PBXNativeTarget "cryptocoin" */ = {
			isa = XCConfigurationList;
			buildConfigurations = (
				22B9AAB92C07FA5E001F366F /* Debug */,
				22B9AABA2C07FA5E001F366F /* Release */,
			);
			defaultConfigurationIsVisible = 0;
			defaultConfigurationName = Release;
		};
		22B9AABB2C07FA5E001F366F /* Build configuration list for PBXNativeTarget "cryptocoinTests" */ = {
			isa = XCConfigurationList;
			buildConfigurations = (
				22B9AABC2C07FA5E001F366F /* Debug */,
				22B9AABD2C07FA5E001F366F /* Release */,
			);
			defaultConfigurationIsVisible = 0;
			defaultConfigurationName = Release;
		};
		22B9AABE2C07FA5E001F366F /* Build configuration list for PBXNativeTarget "cryptocoinUITests" */ = {
			isa = XCConfigurationList;
			buildConfigurations = (
				22B9AABF2C07FA5E001F366F /* Debug */,
				22B9AAC02C07FA5E001F366F /* Release */,
			);
			defaultConfigurationIsVisible = 0;
			defaultConfigurationName = Release;
		};
/* End XCConfigurationList section */
	};
	rootObject = 22B9AA8C2C07FA59001F366F /* Project object */;
}
